// !$*UTF8*$!
{
	archiveVersion = 1;
	classes = {
	};
	objectVersion = 56;
	objects = {

/* Begin PBXBuildFile section */
		7E3B0EEE29AB59A1004219B7 /* LandmarkCommands.swift in Sources */ = {isa = PBXBuildFile; fileRef = 7E3B0EED29AB59A1004219B7 /* LandmarkCommands.swift */; };
		7E3B0EEF29AB59A1004219B7 /* LandmarkCommands.swift in Sources */ = {isa = PBXBuildFile; fileRef = 7E3B0EED29AB59A1004219B7 /* LandmarkCommands.swift */; };
		7E3B0EF129AB6319004219B7 /* LandmarkSettings.swift in Sources */ = {isa = PBXBuildFile; fileRef = 7E3B0EF029AB6319004219B7 /* LandmarkSettings.swift */; };
		7E80A34129A9F4FC00D3AEE9 /* ContentView.swift in Sources */ = {isa = PBXBuildFile; fileRef = 7E80A34029A9F4FC00D3AEE9 /* ContentView.swift */; };
		7E80A34329A9F4FD00D3AEE9 /* Assets.xcassets in Resources */ = {isa = PBXBuildFile; fileRef = 7E80A34229A9F4FD00D3AEE9 /* Assets.xcassets */; };
		7E80A34629A9F4FD00D3AEE9 /* Preview Assets.xcassets in Resources */ = {isa = PBXBuildFile; fileRef = 7E80A34529A9F4FD00D3AEE9 /* Preview Assets.xcassets */; };
		7E80A34B29A9F60C00D3AEE9 /* LandmarksApp.swift in Sources */ = {isa = PBXBuildFile; fileRef = DADC8613298C4607003DBBC2 /* LandmarksApp.swift */; };
		7E80A34C29A9F61B00D3AEE9 /* ModelData.swift in Sources */ = {isa = PBXBuildFile; fileRef = DADC862A298C611B003DBBC2 /* ModelData.swift */; };
		7E80A34D29A9F62700D3AEE9 /* Hike.swift in Sources */ = {isa = PBXBuildFile; fileRef = 7EAEA76B299FE850000DEFB2 /* Hike.swift */; };
		7E80A34E29A9F62700D3AEE9 /* Landmark.swift in Sources */ = {isa = PBXBuildFile; fileRef = DADC8628298C5F18003DBBC2 /* Landmark.swift */; };
		7E80A34F29A9F62700D3AEE9 /* Profile.swift in Sources */ = {isa = PBXBuildFile; fileRef = 7EAEA77D29A0F78D000DEFB2 /* Profile.swift */; };
		7E80A35029A9F64D00D3AEE9 /* hikeData.json in Resources */ = {isa = PBXBuildFile; fileRef = 7EAEA769299FE6DE000DEFB2 /* hikeData.json */; };
		7E80A35129A9F64D00D3AEE9 /* landmarkData.json in Resources */ = {isa = PBXBuildFile; fileRef = DADC8626298C5EC8003DBBC2 /* landmarkData.json */; };
		7E80A35229A9F65A00D3AEE9 /* Assets.xcassets in Resources */ = {isa = PBXBuildFile; fileRef = DADC8617298C460B003DBBC2 /* Assets.xcassets */; };
		7E80A35329A9F66C00D3AEE9 /* LandmarkList.swift in Sources */ = {isa = PBXBuildFile; fileRef = DADC8630298C68AF003DBBC2 /* LandmarkList.swift */; };
		7E80A35429A9F66C00D3AEE9 /* LandmarkRow.swift in Sources */ = {isa = PBXBuildFile; fileRef = DADC862E298C649C003DBBC2 /* LandmarkRow.swift */; };
		7E80A35529A9F69000D3AEE9 /* CircleImage.swift in Sources */ = {isa = PBXBuildFile; fileRef = DADC8621298C54E5003DBBC2 /* CircleImage.swift */; };
		7E80A35629A9F69000D3AEE9 /* MapView.swift in Sources */ = {isa = PBXBuildFile; fileRef = DADC8623298C55D0003DBBC2 /* MapView.swift */; };
		7E80A35729A9F69000D3AEE9 /* FavoriteButton.swift in Sources */ = {isa = PBXBuildFile; fileRef = DAD85646298DC30100DD333A /* FavoriteButton.swift */; };
		7E80A35B29A9F83100D3AEE9 /* LandmarkDetail.swift in Sources */ = {isa = PBXBuildFile; fileRef = 7E80A35A29A9F83100D3AEE9 /* LandmarkDetail.swift */; };
		7EA2F3B429AA1E5400D1689C /* LandmarkList.swift in Sources */ = {isa = PBXBuildFile; fileRef = 7EA2F3B329AA1E5400D1689C /* LandmarkList.swift */; };
		7EAEA76A299FE6DE000DEFB2 /* hikeData.json in Resources */ = {isa = PBXBuildFile; fileRef = 7EAEA769299FE6DE000DEFB2 /* hikeData.json */; };
		7EAEA76C299FE850000DEFB2 /* Hike.swift in Sources */ = {isa = PBXBuildFile; fileRef = 7EAEA76B299FE850000DEFB2 /* Hike.swift */; };
		7EAEA772299FEBAF000DEFB2 /* GraphCapsule.swift in Sources */ = {isa = PBXBuildFile; fileRef = 7EAEA76E299FEBAF000DEFB2 /* GraphCapsule.swift */; };
		7EAEA773299FEBAF000DEFB2 /* HikeGraph.swift in Sources */ = {isa = PBXBuildFile; fileRef = 7EAEA76F299FEBAF000DEFB2 /* HikeGraph.swift */; };
		7EAEA774299FEBAF000DEFB2 /* HikeDetail.swift in Sources */ = {isa = PBXBuildFile; fileRef = 7EAEA770299FEBAF000DEFB2 /* HikeDetail.swift */; };
		7EAEA775299FEBAF000DEFB2 /* HikeView.swift in Sources */ = {isa = PBXBuildFile; fileRef = 7EAEA771299FEBAF000DEFB2 /* HikeView.swift */; };
		7EAEA77829A0E9BF000DEFB2 /* CategoryHome.swift in Sources */ = {isa = PBXBuildFile; fileRef = 7EAEA77729A0E9BF000DEFB2 /* CategoryHome.swift */; };
		7EAEA77A29A0ECEA000DEFB2 /* CategoryRow.swift in Sources */ = {isa = PBXBuildFile; fileRef = 7EAEA77929A0ECEA000DEFB2 /* CategoryRow.swift */; };
		7EAEA77C29A0EFD2000DEFB2 /* CategoryItem.swift in Sources */ = {isa = PBXBuildFile; fileRef = 7EAEA77B29A0EFD2000DEFB2 /* CategoryItem.swift */; };
		7EAEA77E29A0F78D000DEFB2 /* Profile.swift in Sources */ = {isa = PBXBuildFile; fileRef = 7EAEA77D29A0F78D000DEFB2 /* Profile.swift */; };
		7EAEA78129A0F8BF000DEFB2 /* ProfileHost.swift in Sources */ = {isa = PBXBuildFile; fileRef = 7EAEA78029A0F8BF000DEFB2 /* ProfileHost.swift */; };
		7EAEA78329A0F92F000DEFB2 /* ProfileSummary.swift in Sources */ = {isa = PBXBuildFile; fileRef = 7EAEA78229A0F92F000DEFB2 /* ProfileSummary.swift */; };
		7EAEA78529A0FB47000DEFB2 /* HikeBadge.swift in Sources */ = {isa = PBXBuildFile; fileRef = 7EAEA78429A0FB47000DEFB2 /* HikeBadge.swift */; };
		7EAEA78729A1026F000DEFB2 /* ProfileEditor.swift in Sources */ = {isa = PBXBuildFile; fileRef = 7EAEA78629A1026F000DEFB2 /* ProfileEditor.swift */; };
		7EAEA78A29A11A34000DEFB2 /* PageViewController.swift in Sources */ = {isa = PBXBuildFile; fileRef = 7EAEA78929A11A34000DEFB2 /* PageViewController.swift */; };
		7EAEA78C29A11CFC000DEFB2 /* FeatureCard.swift in Sources */ = {isa = PBXBuildFile; fileRef = 7EAEA78B29A11CFC000DEFB2 /* FeatureCard.swift */; };
		7EAEA78E29A11FA1000DEFB2 /* PageView.swift in Sources */ = {isa = PBXBuildFile; fileRef = 7EAEA78D29A11FA1000DEFB2 /* PageView.swift */; };
		7EAEA79029A244AA000DEFB2 /* PageControl.swift in Sources */ = {isa = PBXBuildFile; fileRef = 7EAEA78F29A244AA000DEFB2 /* PageControl.swift */; };
		7EAEA79A29A24F6E000DEFB2 /* ContentView.swift in Sources */ = {isa = PBXBuildFile; fileRef = 7EAEA79929A24F6E000DEFB2 /* ContentView.swift */; };
		7EAEA79C29A24F6F000DEFB2 /* Assets.xcassets in Resources */ = {isa = PBXBuildFile; fileRef = 7EAEA79B29A24F6F000DEFB2 /* Assets.xcassets */; };
		7EAEA79F29A24F6F000DEFB2 /* Preview Assets.xcassets in Resources */ = {isa = PBXBuildFile; fileRef = 7EAEA79E29A24F6F000DEFB2 /* Preview Assets.xcassets */; };
		7EAEA7A429A2519B000DEFB2 /* NotificationView.swift in Sources */ = {isa = PBXBuildFile; fileRef = 7EAEA7A329A2519B000DEFB2 /* NotificationView.swift */; };
		7EAEA7A629A251C6000DEFB2 /* NotificationController.swift in Sources */ = {isa = PBXBuildFile; fileRef = 7EAEA7A529A251C6000DEFB2 /* NotificationController.swift */; };
		7EAEA7AB29A25358000DEFB2 /* PushNotificationsPayload.apns in Resources */ = {isa = PBXBuildFile; fileRef = 7EAEA7AA29A25358000DEFB2 /* PushNotificationsPayload.apns */; };
		7EAEA7AD29A25631000DEFB2 /* LandmarksApp.swift in Sources */ = {isa = PBXBuildFile; fileRef = DADC8613298C4607003DBBC2 /* LandmarksApp.swift */; };
		7EAEA7AE29A25631000DEFB2 /* landmarkData.json in Resources */ = {isa = PBXBuildFile; fileRef = DADC8626298C5EC8003DBBC2 /* landmarkData.json */; };
		7EAEA7AF29A25631000DEFB2 /* LandmarkRow.swift in Sources */ = {isa = PBXBuildFile; fileRef = DADC862E298C649C003DBBC2 /* LandmarkRow.swift */; };
		7EAEA7B029A25631000DEFB2 /* Assets.xcassets in Resources */ = {isa = PBXBuildFile; fileRef = DADC8617298C460B003DBBC2 /* Assets.xcassets */; };
		7EAEA7B129A25631000DEFB2 /* MapView.swift in Sources */ = {isa = PBXBuildFile; fileRef = DADC8623298C55D0003DBBC2 /* MapView.swift */; };
		7EAEA7B229A25631000DEFB2 /* ModelData.swift in Sources */ = {isa = PBXBuildFile; fileRef = DADC862A298C611B003DBBC2 /* ModelData.swift */; };
		7EAEA7B329A25631000DEFB2 /* Hike.swift in Sources */ = {isa = PBXBuildFile; fileRef = 7EAEA76B299FE850000DEFB2 /* Hike.swift */; };
		7EAEA7B429A25631000DEFB2 /* hikeData.json in Resources */ = {isa = PBXBuildFile; fileRef = 7EAEA769299FE6DE000DEFB2 /* hikeData.json */; };
		7EAEA7B529A25631000DEFB2 /* CircleImage.swift in Sources */ = {isa = PBXBuildFile; fileRef = DADC8621298C54E5003DBBC2 /* CircleImage.swift */; };
		7EAEA7B629A25631000DEFB2 /* Landmark.swift in Sources */ = {isa = PBXBuildFile; fileRef = DADC8628298C5F18003DBBC2 /* Landmark.swift */; };
		7EAEA7B729A25631000DEFB2 /* Profile.swift in Sources */ = {isa = PBXBuildFile; fileRef = 7EAEA77D29A0F78D000DEFB2 /* Profile.swift */; };
		7EAEA7BA29A2576F000DEFB2 /* LandmarkDetail.swift in Sources */ = {isa = PBXBuildFile; fileRef = 7EAEA7B929A2576F000DEFB2 /* LandmarkDetail.swift */; };
		DAD85647298DC30100DD333A /* FavoriteButton.swift in Sources */ = {isa = PBXBuildFile; fileRef = DAD85646298DC30100DD333A /* FavoriteButton.swift */; };
		DAD8564B2991AEC800DD333A /* HexagonParameters.swift in Sources */ = {isa = PBXBuildFile; fileRef = DAD8564A2991AEC800DD333A /* HexagonParameters.swift */; };
		DAD8564D2991B04C00DD333A /* BadgeBackground.swift in Sources */ = {isa = PBXBuildFile; fileRef = DAD8564C2991B04C00DD333A /* BadgeBackground.swift */; };
		DAD8564F2991BD2A00DD333A /* BadgeSymbol.swift in Sources */ = {isa = PBXBuildFile; fileRef = DAD8564E2991BD2A00DD333A /* BadgeSymbol.swift */; };
		DAD856512991C2CC00DD333A /* RotatedBadgeSymbol.swift in Sources */ = {isa = PBXBuildFile; fileRef = DAD856502991C2CC00DD333A /* RotatedBadgeSymbol.swift */; };
		DAD856532991C37500DD333A /* Badge.swift in Sources */ = {isa = PBXBuildFile; fileRef = DAD856522991C37500DD333A /* Badge.swift */; };
		DADC8614298C4607003DBBC2 /* LandmarksApp.swift in Sources */ = {isa = PBXBuildFile; fileRef = DADC8613298C4607003DBBC2 /* LandmarksApp.swift */; };
		DADC8616298C4607003DBBC2 /* ContentView.swift in Sources */ = {isa = PBXBuildFile; fileRef = DADC8615298C4607003DBBC2 /* ContentView.swift */; };
		DADC8618298C460B003DBBC2 /* Assets.xcassets in Resources */ = {isa = PBXBuildFile; fileRef = DADC8617298C460B003DBBC2 /* Assets.xcassets */; };
		DADC861B298C460B003DBBC2 /* Preview Assets.xcassets in Resources */ = {isa = PBXBuildFile; fileRef = DADC861A298C460B003DBBC2 /* Preview Assets.xcassets */; };
		DADC8622298C54E5003DBBC2 /* CircleImage.swift in Sources */ = {isa = PBXBuildFile; fileRef = DADC8621298C54E5003DBBC2 /* CircleImage.swift */; };
		DADC8624298C55D0003DBBC2 /* MapView.swift in Sources */ = {isa = PBXBuildFile; fileRef = DADC8623298C55D0003DBBC2 /* MapView.swift */; };
		DADC8627298C5EC8003DBBC2 /* landmarkData.json in Resources */ = {isa = PBXBuildFile; fileRef = DADC8626298C5EC8003DBBC2 /* landmarkData.json */; };
		DADC8629298C5F18003DBBC2 /* Landmark.swift in Sources */ = {isa = PBXBuildFile; fileRef = DADC8628298C5F18003DBBC2 /* Landmark.swift */; };
		DADC862B298C611B003DBBC2 /* ModelData.swift in Sources */ = {isa = PBXBuildFile; fileRef = DADC862A298C611B003DBBC2 /* ModelData.swift */; };
		DADC862F298C649C003DBBC2 /* LandmarkRow.swift in Sources */ = {isa = PBXBuildFile; fileRef = DADC862E298C649C003DBBC2 /* LandmarkRow.swift */; };
		DADC8631298C68AF003DBBC2 /* LandmarkList.swift in Sources */ = {isa = PBXBuildFile; fileRef = DADC8630298C68AF003DBBC2 /* LandmarkList.swift */; };
		DADC8633298C6B74003DBBC2 /* LandmarkDetail.swift in Sources */ = {isa = PBXBuildFile; fileRef = DADC8632298C6B74003DBBC2 /* LandmarkDetail.swift */; };
/* End PBXBuildFile section */

/* Begin PBXFileReference section */
		7E3B0EED29AB59A1004219B7 /* LandmarkCommands.swift */ = {isa = PBXFileReference; lastKnownFileType = sourcecode.swift; path = LandmarkCommands.swift; sourceTree = "<group>"; };
		7E3B0EF029AB6319004219B7 /* LandmarkSettings.swift */ = {isa = PBXFileReference; lastKnownFileType = sourcecode.swift; path = LandmarkSettings.swift; sourceTree = "<group>"; };
		7E80A33C29A9F4FB00D3AEE9 /* MacLandmarks.app */ = {isa = PBXFileReference; explicitFileType = wrapper.application; includeInIndex = 0; path = MacLandmarks.app; sourceTree = BUILT_PRODUCTS_DIR; };
		7E80A34029A9F4FC00D3AEE9 /* ContentView.swift */ = {isa = PBXFileReference; lastKnownFileType = sourcecode.swift; path = ContentView.swift; sourceTree = "<group>"; };
		7E80A34229A9F4FD00D3AEE9 /* Assets.xcassets */ = {isa = PBXFileReference; lastKnownFileType = folder.assetcatalog; path = Assets.xcassets; sourceTree = "<group>"; };
		7E80A34529A9F4FD00D3AEE9 /* Preview Assets.xcassets */ = {isa = PBXFileReference; lastKnownFileType = folder.assetcatalog; path = "Preview Assets.xcassets"; sourceTree = "<group>"; };
		7E80A34729A9F4FD00D3AEE9 /* MacLandmarks.entitlements */ = {isa = PBXFileReference; lastKnownFileType = text.plist.entitlements; path = MacLandmarks.entitlements; sourceTree = "<group>"; };
		7E80A35A29A9F83100D3AEE9 /* LandmarkDetail.swift */ = {isa = PBXFileReference; lastKnownFileType = sourcecode.swift; path = LandmarkDetail.swift; sourceTree = "<group>"; };
		7EA2F3B329AA1E5400D1689C /* LandmarkList.swift */ = {isa = PBXFileReference; fileEncoding = 4; lastKnownFileType = sourcecode.swift; path = LandmarkList.swift; sourceTree = "<group>"; };
		7EAEA769299FE6DE000DEFB2 /* hikeData.json */ = {isa = PBXFileReference; fileEncoding = 4; lastKnownFileType = text.json; path = hikeData.json; sourceTree = "<group>"; };
		7EAEA76B299FE850000DEFB2 /* Hike.swift */ = {isa = PBXFileReference; lastKnownFileType = sourcecode.swift; path = Hike.swift; sourceTree = "<group>"; };
		7EAEA76E299FEBAF000DEFB2 /* GraphCapsule.swift */ = {isa = PBXFileReference; fileEncoding = 4; lastKnownFileType = sourcecode.swift; path = GraphCapsule.swift; sourceTree = "<group>"; };
		7EAEA76F299FEBAF000DEFB2 /* HikeGraph.swift */ = {isa = PBXFileReference; fileEncoding = 4; lastKnownFileType = sourcecode.swift; path = HikeGraph.swift; sourceTree = "<group>"; };
		7EAEA770299FEBAF000DEFB2 /* HikeDetail.swift */ = {isa = PBXFileReference; fileEncoding = 4; lastKnownFileType = sourcecode.swift; path = HikeDetail.swift; sourceTree = "<group>"; };
		7EAEA771299FEBAF000DEFB2 /* HikeView.swift */ = {isa = PBXFileReference; fileEncoding = 4; lastKnownFileType = sourcecode.swift; path = HikeView.swift; sourceTree = "<group>"; };
		7EAEA77729A0E9BF000DEFB2 /* CategoryHome.swift */ = {isa = PBXFileReference; lastKnownFileType = sourcecode.swift; path = CategoryHome.swift; sourceTree = "<group>"; };
		7EAEA77929A0ECEA000DEFB2 /* CategoryRow.swift */ = {isa = PBXFileReference; lastKnownFileType = sourcecode.swift; path = CategoryRow.swift; sourceTree = "<group>"; };
		7EAEA77B29A0EFD2000DEFB2 /* CategoryItem.swift */ = {isa = PBXFileReference; lastKnownFileType = sourcecode.swift; path = CategoryItem.swift; sourceTree = "<group>"; };
		7EAEA77D29A0F78D000DEFB2 /* Profile.swift */ = {isa = PBXFileReference; lastKnownFileType = sourcecode.swift; path = Profile.swift; sourceTree = "<group>"; };
		7EAEA78029A0F8BF000DEFB2 /* ProfileHost.swift */ = {isa = PBXFileReference; lastKnownFileType = sourcecode.swift; path = ProfileHost.swift; sourceTree = "<group>"; };
		7EAEA78229A0F92F000DEFB2 /* ProfileSummary.swift */ = {isa = PBXFileReference; lastKnownFileType = sourcecode.swift; path = ProfileSummary.swift; sourceTree = "<group>"; };
		7EAEA78429A0FB47000DEFB2 /* HikeBadge.swift */ = {isa = PBXFileReference; lastKnownFileType = sourcecode.swift; path = HikeBadge.swift; sourceTree = "<group>"; };
		7EAEA78629A1026F000DEFB2 /* ProfileEditor.swift */ = {isa = PBXFileReference; lastKnownFileType = sourcecode.swift; path = ProfileEditor.swift; sourceTree = "<group>"; };
		7EAEA78929A11A34000DEFB2 /* PageViewController.swift */ = {isa = PBXFileReference; lastKnownFileType = sourcecode.swift; path = PageViewController.swift; sourceTree = "<group>"; };
		7EAEA78B29A11CFC000DEFB2 /* FeatureCard.swift */ = {isa = PBXFileReference; lastKnownFileType = sourcecode.swift; path = FeatureCard.swift; sourceTree = "<group>"; };
		7EAEA78D29A11FA1000DEFB2 /* PageView.swift */ = {isa = PBXFileReference; lastKnownFileType = sourcecode.swift; path = PageView.swift; sourceTree = "<group>"; };
		7EAEA78F29A244AA000DEFB2 /* PageControl.swift */ = {isa = PBXFileReference; lastKnownFileType = sourcecode.swift; path = PageControl.swift; sourceTree = "<group>"; };
		7EAEA79529A24F6E000DEFB2 /* WatchLandmarks Extension.app */ = {isa = PBXFileReference; explicitFileType = wrapper.application; includeInIndex = 0; path = "WatchLandmarks Extension.app"; sourceTree = BUILT_PRODUCTS_DIR; };
		7EAEA79929A24F6E000DEFB2 /* ContentView.swift */ = {isa = PBXFileReference; lastKnownFileType = sourcecode.swift; path = ContentView.swift; sourceTree = "<group>"; };
		7EAEA79B29A24F6F000DEFB2 /* Assets.xcassets */ = {isa = PBXFileReference; lastKnownFileType = folder.assetcatalog; path = Assets.xcassets; sourceTree = "<group>"; };
		7EAEA79E29A24F6F000DEFB2 /* Preview Assets.xcassets */ = {isa = PBXFileReference; lastKnownFileType = folder.assetcatalog; path = "Preview Assets.xcassets"; sourceTree = "<group>"; };
		7EAEA7A329A2519B000DEFB2 /* NotificationView.swift */ = {isa = PBXFileReference; lastKnownFileType = sourcecode.swift; path = NotificationView.swift; sourceTree = "<group>"; };
		7EAEA7A529A251C6000DEFB2 /* NotificationController.swift */ = {isa = PBXFileReference; lastKnownFileType = sourcecode.swift; path = NotificationController.swift; sourceTree = "<group>"; };
		7EAEA7AA29A25358000DEFB2 /* PushNotificationsPayload.apns */ = {isa = PBXFileReference; lastKnownFileType = text; path = PushNotificationsPayload.apns; sourceTree = "<group>"; };
		7EAEA7B929A2576F000DEFB2 /* LandmarkDetail.swift */ = {isa = PBXFileReference; lastKnownFileType = sourcecode.swift; path = LandmarkDetail.swift; sourceTree = "<group>"; };
		DAD85646298DC30100DD333A /* FavoriteButton.swift */ = {isa = PBXFileReference; lastKnownFileType = sourcecode.swift; path = FavoriteButton.swift; sourceTree = "<group>"; };
		DAD8564A2991AEC800DD333A /* HexagonParameters.swift */ = {isa = PBXFileReference; lastKnownFileType = sourcecode.swift; path = HexagonParameters.swift; sourceTree = "<group>"; };
		DAD8564C2991B04C00DD333A /* BadgeBackground.swift */ = {isa = PBXFileReference; lastKnownFileType = sourcecode.swift; path = BadgeBackground.swift; sourceTree = "<group>"; };
		DAD8564E2991BD2A00DD333A /* BadgeSymbol.swift */ = {isa = PBXFileReference; lastKnownFileType = sourcecode.swift; path = BadgeSymbol.swift; sourceTree = "<group>"; };
		DAD856502991C2CC00DD333A /* RotatedBadgeSymbol.swift */ = {isa = PBXFileReference; lastKnownFileType = sourcecode.swift; path = RotatedBadgeSymbol.swift; sourceTree = "<group>"; };
		DAD856522991C37500DD333A /* Badge.swift */ = {isa = PBXFileReference; lastKnownFileType = sourcecode.swift; path = Badge.swift; sourceTree = "<group>"; };
		DADC8610298C4607003DBBC2 /* Landmarks.app */ = {isa = PBXFileReference; explicitFileType = wrapper.application; includeInIndex = 0; path = Landmarks.app; sourceTree = BUILT_PRODUCTS_DIR; };
		DADC8613298C4607003DBBC2 /* LandmarksApp.swift */ = {isa = PBXFileReference; lastKnownFileType = sourcecode.swift; path = LandmarksApp.swift; sourceTree = "<group>"; };
		DADC8615298C4607003DBBC2 /* ContentView.swift */ = {isa = PBXFileReference; lastKnownFileType = sourcecode.swift; path = ContentView.swift; sourceTree = "<group>"; };
		DADC8617298C460B003DBBC2 /* Assets.xcassets */ = {isa = PBXFileReference; lastKnownFileType = folder.assetcatalog; path = Assets.xcassets; sourceTree = "<group>"; };
		DADC861A298C460B003DBBC2 /* Preview Assets.xcassets */ = {isa = PBXFileReference; lastKnownFileType = folder.assetcatalog; path = "Preview Assets.xcassets"; sourceTree = "<group>"; };
		DADC8621298C54E5003DBBC2 /* CircleImage.swift */ = {isa = PBXFileReference; lastKnownFileType = sourcecode.swift; path = CircleImage.swift; sourceTree = "<group>"; };
		DADC8623298C55D0003DBBC2 /* MapView.swift */ = {isa = PBXFileReference; lastKnownFileType = sourcecode.swift; path = MapView.swift; sourceTree = "<group>"; };
		DADC8626298C5EC8003DBBC2 /* landmarkData.json */ = {isa = PBXFileReference; fileEncoding = 4; lastKnownFileType = text.json; path = landmarkData.json; sourceTree = "<group>"; };
		DADC8628298C5F18003DBBC2 /* Landmark.swift */ = {isa = PBXFileReference; lastKnownFileType = sourcecode.swift; path = Landmark.swift; sourceTree = "<group>"; };
		DADC862A298C611B003DBBC2 /* ModelData.swift */ = {isa = PBXFileReference; lastKnownFileType = sourcecode.swift; path = ModelData.swift; sourceTree = "<group>"; };
		DADC862E298C649C003DBBC2 /* LandmarkRow.swift */ = {isa = PBXFileReference; lastKnownFileType = sourcecode.swift; path = LandmarkRow.swift; sourceTree = "<group>"; };
		DADC8630298C68AF003DBBC2 /* LandmarkList.swift */ = {isa = PBXFileReference; lastKnownFileType = sourcecode.swift; path = LandmarkList.swift; sourceTree = "<group>"; };
		DADC8632298C6B74003DBBC2 /* LandmarkDetail.swift */ = {isa = PBXFileReference; lastKnownFileType = sourcecode.swift; path = LandmarkDetail.swift; sourceTree = "<group>"; };
/* End PBXFileReference section */

/* Begin PBXFrameworksBuildPhase section */
		7E80A33929A9F4FB00D3AEE9 /* Frameworks */ = {
			isa = PBXFrameworksBuildPhase;
			buildActionMask = 2147483647;
			files = (
			);
			runOnlyForDeploymentPostprocessing = 0;
		};
		7EAEA79229A24F6E000DEFB2 /* Frameworks */ = {
			isa = PBXFrameworksBuildPhase;
			buildActionMask = 2147483647;
			files = (
			);
			runOnlyForDeploymentPostprocessing = 0;
		};
		DADC860D298C4607003DBBC2 /* Frameworks */ = {
			isa = PBXFrameworksBuildPhase;
			buildActionMask = 2147483647;
			files = (
			);
			runOnlyForDeploymentPostprocessing = 0;
		};
/* End PBXFrameworksBuildPhase section */

/* Begin PBXGroup section */
		7E80A33D29A9F4FC00D3AEE9 /* MacLandmarks */ = {
			isa = PBXGroup;
			children = (
				7E80A35829A9F80000D3AEE9 /* Views */,
				7E80A34029A9F4FC00D3AEE9 /* ContentView.swift */,
				7E80A34229A9F4FD00D3AEE9 /* Assets.xcassets */,
				7E80A34729A9F4FD00D3AEE9 /* MacLandmarks.entitlements */,
				7E80A34429A9F4FD00D3AEE9 /* Preview Content */,
			);
			path = MacLandmarks;
			sourceTree = "<group>";
		};
		7E80A34429A9F4FD00D3AEE9 /* Preview Content */ = {
			isa = PBXGroup;
			children = (
				7E80A34529A9F4FD00D3AEE9 /* Preview Assets.xcassets */,
			);
			path = "Preview Content";
			sourceTree = "<group>";
		};
		7E80A35829A9F80000D3AEE9 /* Views */ = {
			isa = PBXGroup;
			children = (
				7E80A35929A9F81000D3AEE9 /* Landmarks */,
			);
			path = Views;
			sourceTree = "<group>";
		};
		7E80A35929A9F81000D3AEE9 /* Landmarks */ = {
			isa = PBXGroup;
			children = (
				7E80A35A29A9F83100D3AEE9 /* LandmarkDetail.swift */,
				7E3B0EED29AB59A1004219B7 /* LandmarkCommands.swift */,
				7E3B0EF029AB6319004219B7 /* LandmarkSettings.swift */,
			);
			path = Landmarks;
			sourceTree = "<group>";
		};
		7EAEA76D299FEBAF000DEFB2 /* Hikes */ = {
			isa = PBXGroup;
			children = (
				7EAEA76E299FEBAF000DEFB2 /* GraphCapsule.swift */,
				7EAEA76F299FEBAF000DEFB2 /* HikeGraph.swift */,
				7EAEA770299FEBAF000DEFB2 /* HikeDetail.swift */,
				7EAEA771299FEBAF000DEFB2 /* HikeView.swift */,
				7EAEA78429A0FB47000DEFB2 /* HikeBadge.swift */,
			);
			path = Hikes;
			sourceTree = "<group>";
		};
		7EAEA77629A0E999000DEFB2 /* Categories */ = {
			isa = PBXGroup;
			children = (
				7EAEA77729A0E9BF000DEFB2 /* CategoryHome.swift */,
				7EAEA77929A0ECEA000DEFB2 /* CategoryRow.swift */,
				7EAEA77B29A0EFD2000DEFB2 /* CategoryItem.swift */,
			);
			path = Categories;
			sourceTree = "<group>";
		};
		7EAEA77F29A0F8A5000DEFB2 /* Profiles */ = {
			isa = PBXGroup;
			children = (
				7EAEA78029A0F8BF000DEFB2 /* ProfileHost.swift */,
				7EAEA78229A0F92F000DEFB2 /* ProfileSummary.swift */,
				7EAEA78629A1026F000DEFB2 /* ProfileEditor.swift */,
			);
			path = Profiles;
			sourceTree = "<group>";
		};
		7EAEA78829A11A0D000DEFB2 /* PageView */ = {
			isa = PBXGroup;
			children = (
				7EAEA78929A11A34000DEFB2 /* PageViewController.swift */,
				7EAEA78D29A11FA1000DEFB2 /* PageView.swift */,
				7EAEA78F29A244AA000DEFB2 /* PageControl.swift */,
			);
			path = PageView;
			sourceTree = "<group>";
		};
		7EAEA79629A24F6E000DEFB2 /* WatchLandmarks Extension */ = {
			isa = PBXGroup;
			children = (
				7EAEA7A829A252AF000DEFB2 /* Views */,
				7EAEA7A729A25290000DEFB2 /* Resources */,
				7EAEA79B29A24F6F000DEFB2 /* Assets.xcassets */,
				7EAEA79D29A24F6F000DEFB2 /* Preview Content */,
			);
			path = "WatchLandmarks Extension";
			sourceTree = "<group>";
		};
		7EAEA79D29A24F6F000DEFB2 /* Preview Content */ = {
			isa = PBXGroup;
			children = (
				7EAEA79E29A24F6F000DEFB2 /* Preview Assets.xcassets */,
			);
			path = "Preview Content";
			sourceTree = "<group>";
		};
		7EAEA7A729A25290000DEFB2 /* Resources */ = {
			isa = PBXGroup;
			children = (
				7EAEA7AA29A25358000DEFB2 /* PushNotificationsPayload.apns */,
			);
			path = Resources;
			sourceTree = "<group>";
		};
		7EAEA7A829A252AF000DEFB2 /* Views */ = {
			isa = PBXGroup;
			children = (
				7EAEA7B829A25734000DEFB2 /* Landmarks */,
				7EAEA7A929A252CC000DEFB2 /* Notifications */,
				7EAEA79929A24F6E000DEFB2 /* ContentView.swift */,
			);
			path = Views;
			sourceTree = "<group>";
		};
		7EAEA7A929A252CC000DEFB2 /* Notifications */ = {
			isa = PBXGroup;
			children = (
				7EAEA7A329A2519B000DEFB2 /* NotificationView.swift */,
				7EAEA7A529A251C6000DEFB2 /* NotificationController.swift */,
			);
			path = Notifications;
			sourceTree = "<group>";
		};
		7EAEA7B829A25734000DEFB2 /* Landmarks */ = {
			isa = PBXGroup;
			children = (
				7EA2F3B329AA1E5400D1689C /* LandmarkList.swift */,
				7EAEA7B929A2576F000DEFB2 /* LandmarkDetail.swift */,
			);
			path = Landmarks;
			sourceTree = "<group>";
		};
		DAD85648298DC45800DD333A /* Helpers */ = {
			isa = PBXGroup;
			children = (
				DADC8623298C55D0003DBBC2 /* MapView.swift */,
				DADC8621298C54E5003DBBC2 /* CircleImage.swift */,
				DAD85646298DC30100DD333A /* FavoriteButton.swift */,
			);
			path = Helpers;
			sourceTree = "<group>";
		};
		DAD85649298DC47800DD333A /* Landmarks */ = {
			isa = PBXGroup;
			children = (
				DADC862E298C649C003DBBC2 /* LandmarkRow.swift */,
				DADC8630298C68AF003DBBC2 /* LandmarkList.swift */,
				DADC8632298C6B74003DBBC2 /* LandmarkDetail.swift */,
				7EAEA78B29A11CFC000DEFB2 /* FeatureCard.swift */,
			);
			path = Landmarks;
			sourceTree = "<group>";
		};
		DAD856542991C37F00DD333A /* Badges */ = {
			isa = PBXGroup;
			children = (
				DAD8564A2991AEC800DD333A /* HexagonParameters.swift */,
				DAD8564C2991B04C00DD333A /* BadgeBackground.swift */,
				DAD8564E2991BD2A00DD333A /* BadgeSymbol.swift */,
				DAD856502991C2CC00DD333A /* RotatedBadgeSymbol.swift */,
				DAD856522991C37500DD333A /* Badge.swift */,
			);
			path = Badges;
			sourceTree = "<group>";
		};
		DADC8607298C4607003DBBC2 = {
			isa = PBXGroup;
			children = (
				DADC8612298C4607003DBBC2 /* Landmarks */,
				7EAEA79629A24F6E000DEFB2 /* WatchLandmarks Extension */,
				7E80A33D29A9F4FC00D3AEE9 /* MacLandmarks */,
				DADC8611298C4607003DBBC2 /* Products */,
			);
			sourceTree = "<group>";
		};
		DADC8611298C4607003DBBC2 /* Products */ = {
			isa = PBXGroup;
			children = (
				DADC8610298C4607003DBBC2 /* Landmarks.app */,
				7EAEA79529A24F6E000DEFB2 /* WatchLandmarks Extension.app */,
				7E80A33C29A9F4FB00D3AEE9 /* MacLandmarks.app */,
			);
			name = Products;
			sourceTree = "<group>";
		};
		DADC8612298C4607003DBBC2 /* Landmarks */ = {
			isa = PBXGroup;
			children = (
				DADC862D298C62B4003DBBC2 /* Views */,
				DADC862C298C6123003DBBC2 /* Model */,
				DADC8625298C5EB3003DBBC2 /* Resources */,
				DADC8613298C4607003DBBC2 /* LandmarksApp.swift */,
				DADC8617298C460B003DBBC2 /* Assets.xcassets */,
				DADC8619298C460B003DBBC2 /* Preview Content */,
			);
			path = Landmarks;
			sourceTree = "<group>";
		};
		DADC8619298C460B003DBBC2 /* Preview Content */ = {
			isa = PBXGroup;
			children = (
				DADC861A298C460B003DBBC2 /* Preview Assets.xcassets */,
			);
			path = "Preview Content";
			sourceTree = "<group>";
		};
		DADC8625298C5EB3003DBBC2 /* Resources */ = {
			isa = PBXGroup;
			children = (
				7EAEA769299FE6DE000DEFB2 /* hikeData.json */,
				DADC8626298C5EC8003DBBC2 /* landmarkData.json */,
			);
			path = Resources;
			sourceTree = "<group>";
		};
		DADC862C298C6123003DBBC2 /* Model */ = {
			isa = PBXGroup;
			children = (
				7EAEA76B299FE850000DEFB2 /* Hike.swift */,
				DADC8628298C5F18003DBBC2 /* Landmark.swift */,
				DADC862A298C611B003DBBC2 /* ModelData.swift */,
				7EAEA77D29A0F78D000DEFB2 /* Profile.swift */,
			);
			path = Model;
			sourceTree = "<group>";
		};
		DADC862D298C62B4003DBBC2 /* Views */ = {
			isa = PBXGroup;
			children = (
				7EAEA78829A11A0D000DEFB2 /* PageView */,
				7EAEA77F29A0F8A5000DEFB2 /* Profiles */,
				7EAEA77629A0E999000DEFB2 /* Categories */,
				7EAEA76D299FEBAF000DEFB2 /* Hikes */,
				DAD856542991C37F00DD333A /* Badges */,
				DAD85649298DC47800DD333A /* Landmarks */,
				DAD85648298DC45800DD333A /* Helpers */,
				DADC8615298C4607003DBBC2 /* ContentView.swift */,
			);
			path = Views;
			sourceTree = "<group>";
		};
/* End PBXGroup section */

/* Begin PBXNativeTarget section */
		7E80A33B29A9F4FB00D3AEE9 /* MacLandmarks */ = {
			isa = PBXNativeTarget;
			buildConfigurationList = 7E80A34A29A9F4FD00D3AEE9 /* Build configuration list for PBXNativeTarget "MacLandmarks" */;
			buildPhases = (
				7E80A33829A9F4FB00D3AEE9 /* Sources */,
				7E80A33929A9F4FB00D3AEE9 /* Frameworks */,
				7E80A33A29A9F4FB00D3AEE9 /* Resources */,
			);
			buildRules = (
			);
			dependencies = (
			);
			name = MacLandmarks;
			productName = MacLandmarks;
			productReference = 7E80A33C29A9F4FB00D3AEE9 /* MacLandmarks.app */;
			productType = "com.apple.product-type.application";
		};
		7EAEA79429A24F6E000DEFB2 /* WatchLandmarks Extension */ = {
			isa = PBXNativeTarget;
			buildConfigurationList = 7EAEA7A029A24F6F000DEFB2 /* Build configuration list for PBXNativeTarget "WatchLandmarks Extension" */;
			buildPhases = (
				7EAEA79129A24F6E000DEFB2 /* Sources */,
				7EAEA79229A24F6E000DEFB2 /* Frameworks */,
				7EAEA79329A24F6E000DEFB2 /* Resources */,
			);
			buildRules = (
			);
			dependencies = (
			);
			name = "WatchLandmarks Extension";
			productName = "WatchLandmarks Watch App";
			productReference = 7EAEA79529A24F6E000DEFB2 /* WatchLandmarks Extension.app */;
			productType = "com.apple.product-type.application";
		};
		DADC860F298C4607003DBBC2 /* Landmarks */ = {
			isa = PBXNativeTarget;
			buildConfigurationList = DADC861E298C460B003DBBC2 /* Build configuration list for PBXNativeTarget "Landmarks" */;
			buildPhases = (
				DADC860C298C4607003DBBC2 /* Sources */,
				DADC860D298C4607003DBBC2 /* Frameworks */,
				DADC860E298C4607003DBBC2 /* Resources */,
			);
			buildRules = (
			);
			dependencies = (
			);
			name = Landmarks;
			productName = Landmarks;
			productReference = DADC8610298C4607003DBBC2 /* Landmarks.app */;
			productType = "com.apple.product-type.application";
		};
/* End PBXNativeTarget section */

/* Begin PBXProject section */
		DADC8608298C4607003DBBC2 /* Project object */ = {
			isa = PBXProject;
			attributes = {
				BuildIndependentTargetsInParallel = 1;
				LastSwiftUpdateCheck = 1420;
				LastUpgradeCheck = 1420;
				TargetAttributes = {
					7E80A33B29A9F4FB00D3AEE9 = {
						CreatedOnToolsVersion = 14.2;
					};
					7EAEA79429A24F6E000DEFB2 = {
						CreatedOnToolsVersion = 14.2;
					};
					DADC860F298C4607003DBBC2 = {
						CreatedOnToolsVersion = 14.2;
					};
				};
			};
			buildConfigurationList = DADC860B298C4607003DBBC2 /* Build configuration list for PBXProject "Landmarks" */;
			compatibilityVersion = "Xcode 14.0";
			developmentRegion = en;
			hasScannedForEncodings = 0;
			knownRegions = (
				en,
				Base,
			);
			mainGroup = DADC8607298C4607003DBBC2;
			productRefGroup = DADC8611298C4607003DBBC2 /* Products */;
			projectDirPath = "";
			projectRoot = "";
			targets = (
				DADC860F298C4607003DBBC2 /* Landmarks */,
				7EAEA79429A24F6E000DEFB2 /* WatchLandmarks Extension */,
				7E80A33B29A9F4FB00D3AEE9 /* MacLandmarks */,
			);
		};
/* End PBXProject section */

/* Begin PBXResourcesBuildPhase section */
		7E80A33A29A9F4FB00D3AEE9 /* Resources */ = {
			isa = PBXResourcesBuildPhase;
			buildActionMask = 2147483647;
			files = (
				7E80A34629A9F4FD00D3AEE9 /* Preview Assets.xcassets in Resources */,
				7E80A35129A9F64D00D3AEE9 /* landmarkData.json in Resources */,
				7E80A35029A9F64D00D3AEE9 /* hikeData.json in Resources */,
				7E80A34329A9F4FD00D3AEE9 /* Assets.xcassets in Resources */,
				7E80A35229A9F65A00D3AEE9 /* Assets.xcassets in Resources */,
			);
			runOnlyForDeploymentPostprocessing = 0;
		};
		7EAEA79329A24F6E000DEFB2 /* Resources */ = {
			isa = PBXResourcesBuildPhase;
			buildActionMask = 2147483647;
			files = (
				7EAEA79F29A24F6F000DEFB2 /* Preview Assets.xcassets in Resources */,
				7EAEA7AE29A25631000DEFB2 /* landmarkData.json in Resources */,
				7EAEA79C29A24F6F000DEFB2 /* Assets.xcassets in Resources */,
				7EAEA7AB29A25358000DEFB2 /* PushNotificationsPayload.apns in Resources */,
				7EAEA7B429A25631000DEFB2 /* hikeData.json in Resources */,
				7EAEA7B029A25631000DEFB2 /* Assets.xcassets in Resources */,
			);
			runOnlyForDeploymentPostprocessing = 0;
		};
		DADC860E298C4607003DBBC2 /* Resources */ = {
			isa = PBXResourcesBuildPhase;
			buildActionMask = 2147483647;
			files = (
				7EAEA76A299FE6DE000DEFB2 /* hikeData.json in Resources */,
				DADC861B298C460B003DBBC2 /* Preview Assets.xcassets in Resources */,
				DADC8618298C460B003DBBC2 /* Assets.xcassets in Resources */,
				DADC8627298C5EC8003DBBC2 /* landmarkData.json in Resources */,
			);
			runOnlyForDeploymentPostprocessing = 0;
		};
/* End PBXResourcesBuildPhase section */

/* Begin PBXSourcesBuildPhase section */
		7E80A33829A9F4FB00D3AEE9 /* Sources */ = {
			isa = PBXSourcesBuildPhase;
			buildActionMask = 2147483647;
			files = (
				7E80A34129A9F4FC00D3AEE9 /* ContentView.swift in Sources */,
				7E80A34F29A9F62700D3AEE9 /* Profile.swift in Sources */,
				7E3B0EF129AB6319004219B7 /* LandmarkSettings.swift in Sources */,
				7E80A34B29A9F60C00D3AEE9 /* LandmarksApp.swift in Sources */,
				7E80A35329A9F66C00D3AEE9 /* LandmarkList.swift in Sources */,
				7E3B0EEF29AB59A1004219B7 /* LandmarkCommands.swift in Sources */,
				7E80A35B29A9F83100D3AEE9 /* LandmarkDetail.swift in Sources */,
				7E80A34D29A9F62700D3AEE9 /* Hike.swift in Sources */,
				7E80A35529A9F69000D3AEE9 /* CircleImage.swift in Sources */,
				7E80A34C29A9F61B00D3AEE9 /* ModelData.swift in Sources */,
				7E80A35629A9F69000D3AEE9 /* MapView.swift in Sources */,
				7E80A35429A9F66C00D3AEE9 /* LandmarkRow.swift in Sources */,
				7E80A35729A9F69000D3AEE9 /* FavoriteButton.swift in Sources */,
				7E80A34E29A9F62700D3AEE9 /* Landmark.swift in Sources */,
			);
			runOnlyForDeploymentPostprocessing = 0;
		};
		7EAEA79129A24F6E000DEFB2 /* Sources */ = {
			isa = PBXSourcesBuildPhase;
			buildActionMask = 2147483647;
			files = (
				7EAEA7B129A25631000DEFB2 /* MapView.swift in Sources */,
				7EAEA7B729A25631000DEFB2 /* Profile.swift in Sources */,
				7EAEA7B629A25631000DEFB2 /* Landmark.swift in Sources */,
				7EAEA79A29A24F6E000DEFB2 /* ContentView.swift in Sources */,
				7EA2F3B429AA1E5400D1689C /* LandmarkList.swift in Sources */,
				7EAEA7A629A251C6000DEFB2 /* NotificationController.swift in Sources */,
				7EAEA7AF29A25631000DEFB2 /* LandmarkRow.swift in Sources */,
				7EAEA7A429A2519B000DEFB2 /* NotificationView.swift in Sources */,
				7EAEA7BA29A2576F000DEFB2 /* LandmarkDetail.swift in Sources */,
				7EAEA7B229A25631000DEFB2 /* ModelData.swift in Sources */,
				7EAEA7B329A25631000DEFB2 /* Hike.swift in Sources */,
				7EAEA7AD29A25631000DEFB2 /* LandmarksApp.swift in Sources */,
				7EAEA7B529A25631000DEFB2 /* CircleImage.swift in Sources */,
			);
			runOnlyForDeploymentPostprocessing = 0;
		};
		DADC860C298C4607003DBBC2 /* Sources */ = {
			isa = PBXSourcesBuildPhase;
			buildActionMask = 2147483647;
			files = (
				7EAEA77A29A0ECEA000DEFB2 /* CategoryRow.swift in Sources */,
				7EAEA77E29A0F78D000DEFB2 /* Profile.swift in Sources */,
				7E3B0EEE29AB59A1004219B7 /* LandmarkCommands.swift in Sources */,
				DADC8616298C4607003DBBC2 /* ContentView.swift in Sources */,
				7EAEA77829A0E9BF000DEFB2 /* CategoryHome.swift in Sources */,
				7EAEA78C29A11CFC000DEFB2 /* FeatureCard.swift in Sources */,
				7EAEA773299FEBAF000DEFB2 /* HikeGraph.swift in Sources */,
				DAD856532991C37500DD333A /* Badge.swift in Sources */,
				DADC862B298C611B003DBBC2 /* ModelData.swift in Sources */,
				7EAEA772299FEBAF000DEFB2 /* GraphCapsule.swift in Sources */,
				DADC8624298C55D0003DBBC2 /* MapView.swift in Sources */,
				7EAEA79029A244AA000DEFB2 /* PageControl.swift in Sources */,
				DAD85647298DC30100DD333A /* FavoriteButton.swift in Sources */,
				7EAEA77C29A0EFD2000DEFB2 /* CategoryItem.swift in Sources */,
				7EAEA774299FEBAF000DEFB2 /* HikeDetail.swift in Sources */,
				7EAEA78329A0F92F000DEFB2 /* ProfileSummary.swift in Sources */,
				DAD8564B2991AEC800DD333A /* HexagonParameters.swift in Sources */,
				7EAEA78129A0F8BF000DEFB2 /* ProfileHost.swift in Sources */,
				7EAEA76C299FE850000DEFB2 /* Hike.swift in Sources */,
				DAD856512991C2CC00DD333A /* RotatedBadgeSymbol.swift in Sources */,
				7EAEA78E29A11FA1000DEFB2 /* PageView.swift in Sources */,
				DAD8564F2991BD2A00DD333A /* BadgeSymbol.swift in Sources */,
				7EAEA78729A1026F000DEFB2 /* ProfileEditor.swift in Sources */,
				DADC8631298C68AF003DBBC2 /* LandmarkList.swift in Sources */,
				7EAEA775299FEBAF000DEFB2 /* HikeView.swift in Sources */,
				DADC8633298C6B74003DBBC2 /* LandmarkDetail.swift in Sources */,
				7EAEA78A29A11A34000DEFB2 /* PageViewController.swift in Sources */,
				DAD8564D2991B04C00DD333A /* BadgeBackground.swift in Sources */,
				7EAEA78529A0FB47000DEFB2 /* HikeBadge.swift in Sources */,
				DADC8614298C4607003DBBC2 /* LandmarksApp.swift in Sources */,
				DADC862F298C649C003DBBC2 /* LandmarkRow.swift in Sources */,
				DADC8622298C54E5003DBBC2 /* CircleImage.swift in Sources */,
				DADC8629298C5F18003DBBC2 /* Landmark.swift in Sources */,
			);
			runOnlyForDeploymentPostprocessing = 0;
		};
/* End PBXSourcesBuildPhase section */

/* Begin XCBuildConfiguration section */
		7E80A34829A9F4FD00D3AEE9 /* Debug */ = {
			isa = XCBuildConfiguration;
			buildSettings = {
				ASSETCATALOG_COMPILER_APPICON_NAME = AppIcon;
				ASSETCATALOG_COMPILER_GLOBAL_ACCENT_COLOR_NAME = AccentColor;
				CODE_SIGN_ENTITLEMENTS = MacLandmarks/MacLandmarks.entitlements;
				CODE_SIGN_STYLE = Automatic;
				COMBINE_HIDPI_IMAGES = YES;
				CURRENT_PROJECT_VERSION = 1;
				DEVELOPMENT_ASSET_PATHS = "\"MacLandmarks/Preview Content\"";
				DEVELOPMENT_TEAM = SCDM9CKQMB;
				ENABLE_HARDENED_RUNTIME = YES;
				ENABLE_PREVIEWS = YES;
				GENERATE_INFOPLIST_FILE = YES;
				INFOPLIST_KEY_NSHumanReadableCopyright = "";
				LD_RUNPATH_SEARCH_PATHS = (
					"$(inherited)",
					"@executable_path/../Frameworks",
				);
				MACOSX_DEPLOYMENT_TARGET = 13.1;
				MARKETING_VERSION = 1.0;
				PRODUCT_BUNDLE_IDENTIFIER = me.jcode.example.MacLandmarks;
				PRODUCT_NAME = "$(TARGET_NAME)";
				SDKROOT = macosx;
				SWIFT_EMIT_LOC_STRINGS = YES;
				SWIFT_VERSION = 5.0;
			};
			name = Debug;
		};
		7E80A34929A9F4FD00D3AEE9 /* Release */ = {
			isa = XCBuildConfiguration;
			buildSettings = {
				ASSETCATALOG_COMPILER_APPICON_NAME = AppIcon;
				ASSETCATALOG_COMPILER_GLOBAL_ACCENT_COLOR_NAME = AccentColor;
				CODE_SIGN_ENTITLEMENTS = MacLandmarks/MacLandmarks.entitlements;
				CODE_SIGN_STYLE = Automatic;
				COMBINE_HIDPI_IMAGES = YES;
				CURRENT_PROJECT_VERSION = 1;
				DEVELOPMENT_ASSET_PATHS = "\"MacLandmarks/Preview Content\"";
				DEVELOPMENT_TEAM = SCDM9CKQMB;
				ENABLE_HARDENED_RUNTIME = YES;
				ENABLE_PREVIEWS = YES;
				GENERATE_INFOPLIST_FILE = YES;
				INFOPLIST_KEY_NSHumanReadableCopyright = "";
				LD_RUNPATH_SEARCH_PATHS = (
					"$(inherited)",
					"@executable_path/../Frameworks",
				);
				MACOSX_DEPLOYMENT_TARGET = 13.1;
				MARKETING_VERSION = 1.0;
				PRODUCT_BUNDLE_IDENTIFIER = me.jcode.example.MacLandmarks;
				PRODUCT_NAME = "$(TARGET_NAME)";
				SDKROOT = macosx;
				SWIFT_EMIT_LOC_STRINGS = YES;
				SWIFT_VERSION = 5.0;
			};
			name = Release;
		};
		7EAEA7A129A24F6F000DEFB2 /* Debug */ = {
			isa = XCBuildConfiguration;
			buildSettings = {
				ASSETCATALOG_COMPILER_APPICON_NAME = AppIcon;
				ASSETCATALOG_COMPILER_GLOBAL_ACCENT_COLOR_NAME = AccentColor;
				CODE_SIGN_STYLE = Automatic;
				CURRENT_PROJECT_VERSION = 1;
				DEVELOPMENT_ASSET_PATHS = "WatchLandmarks\\ Extension/Preview\\ Content";
				DEVELOPMENT_TEAM = SCDM9CKQMB;
				ENABLE_PREVIEWS = YES;
				GENERATE_INFOPLIST_FILE = YES;
				INFOPLIST_KEY_CFBundleDisplayName = WatchLandmarks;
				INFOPLIST_KEY_UISupportedInterfaceOrientations = "UIInterfaceOrientationPortrait UIInterfaceOrientationPortraitUpsideDown";
				INFOPLIST_KEY_WKCompanionAppBundleIdentifier = "";
				INFOPLIST_KEY_WKRunsIndependentlyOfCompanionApp = YES;
				LD_RUNPATH_SEARCH_PATHS = (
					"$(inherited)",
					"@executable_path/Frameworks",
				);
				MARKETING_VERSION = 1.0;
				PRODUCT_BUNDLE_IDENTIFIER = .watchkitapp;
				PRODUCT_NAME = "$(TARGET_NAME)";
				SDKROOT = watchos;
				SKIP_INSTALL = YES;
				SWIFT_EMIT_LOC_STRINGS = YES;
				SWIFT_VERSION = 5.0;
				TARGETED_DEVICE_FAMILY = 4;
				WATCHOS_DEPLOYMENT_TARGET = 9.1;
			};
			name = Debug;
		};
		7EAEA7A229A24F6F000DEFB2 /* Release */ = {
			isa = XCBuildConfiguration;
			buildSettings = {
				ASSETCATALOG_COMPILER_APPICON_NAME = AppIcon;
				ASSETCATALOG_COMPILER_GLOBAL_ACCENT_COLOR_NAME = AccentColor;
				CODE_SIGN_STYLE = Automatic;
				CURRENT_PROJECT_VERSION = 1;
				DEVELOPMENT_ASSET_PATHS = "WatchLandmarks\\ Extension/Preview\\ Content";
				DEVELOPMENT_TEAM = SCDM9CKQMB;
				ENABLE_PREVIEWS = YES;
				GENERATE_INFOPLIST_FILE = YES;
				INFOPLIST_KEY_CFBundleDisplayName = WatchLandmarks;
				INFOPLIST_KEY_UISupportedInterfaceOrientations = "UIInterfaceOrientationPortrait UIInterfaceOrientationPortraitUpsideDown";
				INFOPLIST_KEY_WKCompanionAppBundleIdentifier = "";
				INFOPLIST_KEY_WKRunsIndependentlyOfCompanionApp = YES;
				LD_RUNPATH_SEARCH_PATHS = (
					"$(inherited)",
					"@executable_path/Frameworks",
				);
				MARKETING_VERSION = 1.0;
				PRODUCT_BUNDLE_IDENTIFIER = .watchkitapp;
				PRODUCT_NAME = "$(TARGET_NAME)";
				SDKROOT = watchos;
				SKIP_INSTALL = YES;
				SWIFT_EMIT_LOC_STRINGS = YES;
				SWIFT_VERSION = 5.0;
				TARGETED_DEVICE_FAMILY = 4;
				WATCHOS_DEPLOYMENT_TARGET = 9.1;
			};
			name = Release;
		};
		DADC861C298C460B003DBBC2 /* Debug */ = {
			isa = XCBuildConfiguration;
			buildSettings = {
				ALWAYS_SEARCH_USER_PATHS = NO;
				CLANG_ANALYZER_NONNULL = YES;
				CLANG_ANALYZER_NUMBER_OBJECT_CONVERSION = YES_AGGRESSIVE;
				CLANG_CXX_LANGUAGE_STANDARD = "gnu++20";
				CLANG_ENABLE_MODULES = YES;
				CLANG_ENABLE_OBJC_ARC = YES;
				CLANG_ENABLE_OBJC_WEAK = YES;
				CLANG_WARN_BLOCK_CAPTURE_AUTORELEASING = YES;
				CLANG_WARN_BOOL_CONVERSION = YES;
				CLANG_WARN_COMMA = YES;
				CLANG_WARN_CONSTANT_CONVERSION = YES;
				CLANG_WARN_DEPRECATED_OBJC_IMPLEMENTATIONS = YES;
				CLANG_WARN_DIRECT_OBJC_ISA_USAGE = YES_ERROR;
				CLANG_WARN_DOCUMENTATION_COMMENTS = YES;
				CLANG_WARN_EMPTY_BODY = YES;
				CLANG_WARN_ENUM_CONVERSION = YES;
				CLANG_WARN_INFINITE_RECURSION = YES;
				CLANG_WARN_INT_CONVERSION = YES;
				CLANG_WARN_NON_LITERAL_NULL_CONVERSION = YES;
				CLANG_WARN_OBJC_IMPLICIT_RETAIN_SELF = YES;
				CLANG_WARN_OBJC_LITERAL_CONVERSION = YES;
				CLANG_WARN_OBJC_ROOT_CLASS = YES_ERROR;
				CLANG_WARN_QUOTED_INCLUDE_IN_FRAMEWORK_HEADER = YES;
				CLANG_WARN_RANGE_LOOP_ANALYSIS = YES;
				CLANG_WARN_STRICT_PROTOTYPES = YES;
				CLANG_WARN_SUSPICIOUS_MOVE = YES;
				CLANG_WARN_UNGUARDED_AVAILABILITY = YES_AGGRESSIVE;
				CLANG_WARN_UNREACHABLE_CODE = YES;
				CLANG_WARN__DUPLICATE_METHOD_MATCH = YES;
				COPY_PHASE_STRIP = NO;
				DEBUG_INFORMATION_FORMAT = dwarf;
				ENABLE_STRICT_OBJC_MSGSEND = YES;
				ENABLE_TESTABILITY = YES;
				GCC_C_LANGUAGE_STANDARD = gnu11;
				GCC_DYNAMIC_NO_PIC = NO;
				GCC_NO_COMMON_BLOCKS = YES;
				GCC_OPTIMIZATION_LEVEL = 0;
				GCC_PREPROCESSOR_DEFINITIONS = (
					"DEBUG=1",
					"$(inherited)",
				);
				GCC_WARN_64_TO_32_BIT_CONVERSION = YES;
				GCC_WARN_ABOUT_RETURN_TYPE = YES_ERROR;
				GCC_WARN_UNDECLARED_SELECTOR = YES;
				GCC_WARN_UNINITIALIZED_AUTOS = YES_AGGRESSIVE;
				GCC_WARN_UNUSED_FUNCTION = YES;
				GCC_WARN_UNUSED_VARIABLE = YES;
				IPHONEOS_DEPLOYMENT_TARGET = 15.0;
				MTL_ENABLE_DEBUG_INFO = INCLUDE_SOURCE;
				MTL_FAST_MATH = YES;
				ONLY_ACTIVE_ARCH = YES;
				SDKROOT = iphoneos;
				SWIFT_ACTIVE_COMPILATION_CONDITIONS = DEBUG;
				SWIFT_OPTIMIZATION_LEVEL = "-Onone";
			};
			name = Debug;
		};
		DADC861D298C460B003DBBC2 /* Release */ = {
			isa = XCBuildConfiguration;
			buildSettings = {
				ALWAYS_SEARCH_USER_PATHS = NO;
				CLANG_ANALYZER_NONNULL = YES;
				CLANG_ANALYZER_NUMBER_OBJECT_CONVERSION = YES_AGGRESSIVE;
				CLANG_CXX_LANGUAGE_STANDARD = "gnu++20";
				CLANG_ENABLE_MODULES = YES;
				CLANG_ENABLE_OBJC_ARC = YES;
				CLANG_ENABLE_OBJC_WEAK = YES;
				CLANG_WARN_BLOCK_CAPTURE_AUTORELEASING = YES;
				CLANG_WARN_BOOL_CONVERSION = YES;
				CLANG_WARN_COMMA = YES;
				CLANG_WARN_CONSTANT_CONVERSION = YES;
				CLANG_WARN_DEPRECATED_OBJC_IMPLEMENTATIONS = YES;
				CLANG_WARN_DIRECT_OBJC_ISA_USAGE = YES_ERROR;
				CLANG_WARN_DOCUMENTATION_COMMENTS = YES;
				CLANG_WARN_EMPTY_BODY = YES;
				CLANG_WARN_ENUM_CONVERSION = YES;
				CLANG_WARN_INFINITE_RECURSION = YES;
				CLANG_WARN_INT_CONVERSION = YES;
				CLANG_WARN_NON_LITERAL_NULL_CONVERSION = YES;
				CLANG_WARN_OBJC_IMPLICIT_RETAIN_SELF = YES;
				CLANG_WARN_OBJC_LITERAL_CONVERSION = YES;
				CLANG_WARN_OBJC_ROOT_CLASS = YES_ERROR;
				CLANG_WARN_QUOTED_INCLUDE_IN_FRAMEWORK_HEADER = YES;
				CLANG_WARN_RANGE_LOOP_ANALYSIS = YES;
				CLANG_WARN_STRICT_PROTOTYPES = YES;
				CLANG_WARN_SUSPICIOUS_MOVE = YES;
				CLANG_WARN_UNGUARDED_AVAILABILITY = YES_AGGRESSIVE;
				CLANG_WARN_UNREACHABLE_CODE = YES;
				CLANG_WARN__DUPLICATE_METHOD_MATCH = YES;
				COPY_PHASE_STRIP = NO;
				DEBUG_INFORMATION_FORMAT = "dwarf-with-dsym";
				ENABLE_NS_ASSERTIONS = NO;
				ENABLE_STRICT_OBJC_MSGSEND = YES;
				GCC_C_LANGUAGE_STANDARD = gnu11;
				GCC_NO_COMMON_BLOCKS = YES;
				GCC_WARN_64_TO_32_BIT_CONVERSION = YES;
				GCC_WARN_ABOUT_RETURN_TYPE = YES_ERROR;
				GCC_WARN_UNDECLARED_SELECTOR = YES;
				GCC_WARN_UNINITIALIZED_AUTOS = YES_AGGRESSIVE;
				GCC_WARN_UNUSED_FUNCTION = YES;
				GCC_WARN_UNUSED_VARIABLE = YES;
				IPHONEOS_DEPLOYMENT_TARGET = 15.0;
				MTL_ENABLE_DEBUG_INFO = NO;
				MTL_FAST_MATH = YES;
				SDKROOT = iphoneos;
				SWIFT_COMPILATION_MODE = wholemodule;
				SWIFT_OPTIMIZATION_LEVEL = "-O";
				VALIDATE_PRODUCT = YES;
			};
			name = Release;
		};
		DADC861F298C460B003DBBC2 /* Debug */ = {
			isa = XCBuildConfiguration;
			buildSettings = {
				ASSETCATALOG_COMPILER_APPICON_NAME = AppIcon;
				ASSETCATALOG_COMPILER_GLOBAL_ACCENT_COLOR_NAME = AccentColor;
				CODE_SIGN_STYLE = Automatic;
				CURRENT_PROJECT_VERSION = 1;
				DEVELOPMENT_ASSET_PATHS = "\"Landmarks/Preview Content\"";
				DEVELOPMENT_TEAM = SCDM9CKQMB;
				ENABLE_PREVIEWS = YES;
				GENERATE_INFOPLIST_FILE = YES;
				INFOPLIST_KEY_UIApplicationSceneManifest_Generation = YES;
				INFOPLIST_KEY_UIApplicationSupportsIndirectInputEvents = YES;
				INFOPLIST_KEY_UILaunchScreen_Generation = YES;
				INFOPLIST_KEY_UISupportedInterfaceOrientations_iPad = "UIInterfaceOrientationPortrait UIInterfaceOrientationPortraitUpsideDown UIInterfaceOrientationLandscapeLeft UIInterfaceOrientationLandscapeRight";
				INFOPLIST_KEY_UISupportedInterfaceOrientations_iPhone = "UIInterfaceOrientationPortrait UIInterfaceOrientationLandscapeLeft UIInterfaceOrientationLandscapeRight";
				LD_RUNPATH_SEARCH_PATHS = (
					"$(inherited)",
					"@executable_path/Frameworks",
				);
				MARKETING_VERSION = 1.0;
				PRODUCT_BUNDLE_IDENTIFIER = io.jhnplotim.swiftui.landmarks;
				PRODUCT_NAME = "$(TARGET_NAME)";
				SWIFT_EMIT_LOC_STRINGS = YES;
				SWIFT_VERSION = 5.0;
				TARGETED_DEVICE_FAMILY = "1,2";
			};
			name = Debug;
		};
		DADC8620298C460B003DBBC2 /* Release */ = {
			isa = XCBuildConfiguration;
			buildSettings = {
				ASSETCATALOG_COMPILER_APPICON_NAME = AppIcon;
				ASSETCATALOG_COMPILER_GLOBAL_ACCENT_COLOR_NAME = AccentColor;
				CODE_SIGN_STYLE = Automatic;
				CURRENT_PROJECT_VERSION = 1;
				DEVELOPMENT_ASSET_PATHS = "\"Landmarks/Preview Content\"";
				DEVELOPMENT_TEAM = SCDM9CKQMB;
				ENABLE_PREVIEWS = YES;
				GENERATE_INFOPLIST_FILE = YES;
				INFOPLIST_KEY_UIApplicationSceneManifest_Generation = YES;
				INFOPLIST_KEY_UIApplicationSupportsIndirectInputEvents = YES;
				INFOPLIST_KEY_UILaunchScreen_Generation = YES;
				INFOPLIST_KEY_UISupportedInterfaceOrientations_iPad = "UIInterfaceOrientationPortrait UIInterfaceOrientationPortraitUpsideDown UIInterfaceOrientationLandscapeLeft UIInterfaceOrientationLandscapeRight";
				INFOPLIST_KEY_UISupportedInterfaceOrientations_iPhone = "UIInterfaceOrientationPortrait UIInterfaceOrientationLandscapeLeft UIInterfaceOrientationLandscapeRight";
				LD_RUNPATH_SEARCH_PATHS = (
					"$(inherited)",
					"@executable_path/Frameworks",
				);
				MARKETING_VERSION = 1.0;
				PRODUCT_BUNDLE_IDENTIFIER = io.jhnplotim.swiftui.landmarks;
				PRODUCT_NAME = "$(TARGET_NAME)";
				SWIFT_EMIT_LOC_STRINGS = YES;
				SWIFT_VERSION = 5.0;
				TARGETED_DEVICE_FAMILY = "1,2";
			};
			name = Release;
		};
/* End XCBuildConfiguration section */

/* Begin XCConfigurationList section */
		7E80A34A29A9F4FD00D3AEE9 /* Build configuration list for PBXNativeTarget "MacLandmarks" */ = {
			isa = XCConfigurationList;
			buildConfigurations = (
				7E80A34829A9F4FD00D3AEE9 /* Debug */,
				7E80A34929A9F4FD00D3AEE9 /* Release */,
			);
			defaultConfigurationIsVisible = 0;
			defaultConfigurationName = Release;
		};
		7EAEA7A029A24F6F000DEFB2 /* Build configuration list for PBXNativeTarget "WatchLandmarks Extension" */ = {
			isa = XCConfigurationList;
			buildConfigurations = (
				7EAEA7A129A24F6F000DEFB2 /* Debug */,
				7EAEA7A229A24F6F000DEFB2 /* Release */,
			);
			defaultConfigurationIsVisible = 0;
			defaultConfigurationName = Release;
		};
		DADC860B298C4607003DBBC2 /* Build configuration list for PBXProject "Landmarks" */ = {
			isa = XCConfigurationList;
			buildConfigurations = (
				DADC861C298C460B003DBBC2 /* Debug */,
				DADC861D298C460B003DBBC2 /* Release */,
			);
			defaultConfigurationIsVisible = 0;
			defaultConfigurationName = Release;
		};
		DADC861E298C460B003DBBC2 /* Build configuration list for PBXNativeTarget "Landmarks" */ = {
			isa = XCConfigurationList;
			buildConfigurations = (
				DADC861F298C460B003DBBC2 /* Debug */,
				DADC8620298C460B003DBBC2 /* Release */,
			);
			defaultConfigurationIsVisible = 0;
			defaultConfigurationName = Release;
		};
/* End XCConfigurationList section */
	};
	rootObject = DADC8608298C4607003DBBC2 /* Project object */;
}
